// !$*UTF8*$!
{
	archiveVersion = 1;
	classes = {
	};
	objectVersion = 46;
	objects = {

/* Begin PBXBuildFile section */
		1F7AE32C200DA1C600D5998D /* DetailViewController.swift in Sources */ = {isa = PBXBuildFile; fileRef = 1F7AE32B200DA1C600D5998D /* DetailViewController.swift */; };
		1F94ACC720157FC700567629 /* SuperheroViewController.swift in Sources */ = {isa = PBXBuildFile; fileRef = 1FA248F42010164E00E374AC /* SuperheroViewController.swift */; };
		1F94ACC820157FCC00567629 /* SuperheroViewController.swift in Sources */ = {isa = PBXBuildFile; fileRef = 1FA248F42010164E00E374AC /* SuperheroViewController.swift */; };
		1F94ACC920157FCD00567629 /* SuperheroViewController.swift in Sources */ = {isa = PBXBuildFile; fileRef = 1FA248F42010164E00E374AC /* SuperheroViewController.swift */; };
		1FA248F32010161500E374AC /* PosterCell.swift in Sources */ = {isa = PBXBuildFile; fileRef = 1FA248F22010161500E374AC /* PosterCell.swift */; };
		1FC6E2F5200BD16F007EC6AB /* AppDelegate.swift in Sources */ = {isa = PBXBuildFile; fileRef = 1FC6E2F4200BD16F007EC6AB /* AppDelegate.swift */; };
		1FC6E2FA200BD16F007EC6AB /* Main.storyboard in Resources */ = {isa = PBXBuildFile; fileRef = 1FC6E2F8200BD16F007EC6AB /* Main.storyboard */; };
		1FC6E2FD200BD16F007EC6AB /* Flix.xcdatamodeld in Sources */ = {isa = PBXBuildFile; fileRef = 1FC6E2FB200BD16F007EC6AB /* Flix.xcdatamodeld */; };
		1FC6E2FF200BD16F007EC6AB /* Assets.xcassets in Resources */ = {isa = PBXBuildFile; fileRef = 1FC6E2FE200BD16F007EC6AB /* Assets.xcassets */; };
		1FC6E302200BD16F007EC6AB /* LaunchScreen.storyboard in Resources */ = {isa = PBXBuildFile; fileRef = 1FC6E300200BD16F007EC6AB /* LaunchScreen.storyboard */; };
		1FC6E30D200BD16F007EC6AB /* FlixTests.swift in Sources */ = {isa = PBXBuildFile; fileRef = 1FC6E30C200BD16F007EC6AB /* FlixTests.swift */; };
		1FC6E318200BD170007EC6AB /* FlixUITests.swift in Sources */ = {isa = PBXBuildFile; fileRef = 1FC6E317200BD170007EC6AB /* FlixUITests.swift */; };
		1FEAA73C200C178C0052CD99 /* NowPlayingViewController.swift in Sources */ = {isa = PBXBuildFile; fileRef = 1FEAA73B200C178C0052CD99 /* NowPlayingViewController.swift */; };
		1FEAA73E200C1EAF0052CD99 /* MovieCell.swift in Sources */ = {isa = PBXBuildFile; fileRef = 1FEAA73D200C1EAF0052CD99 /* MovieCell.swift */; };
		2A47F86C5D08AC3976CEEDDF /* Pods_FlixTests.framework in Frameworks */ = {isa = PBXBuildFile; fileRef = CB4053CFA15260692D244258 /* Pods_FlixTests.framework */; };
		8890B61EAF22B4A3B154032B /* Pods_Flix.framework in Frameworks */ = {isa = PBXBuildFile; fileRef = E3AE58259040017F4E53FA49 /* Pods_Flix.framework */; };
		D40A1C18A8CB6313DE01035A /* Pods_FlixUITests.framework in Frameworks */ = {isa = PBXBuildFile; fileRef = EFFF2ECF2DDDCD8997248475 /* Pods_FlixUITests.framework */; };
/* End PBXBuildFile section */

/* Begin PBXContainerItemProxy section */
		1FC6E309200BD16F007EC6AB /* PBXContainerItemProxy */ = {
			isa = PBXContainerItemProxy;
			containerPortal = 1FC6E2E9200BD16F007EC6AB /* Project object */;
			proxyType = 1;
			remoteGlobalIDString = 1FC6E2F0200BD16F007EC6AB;
			remoteInfo = Flix;
		};
		1FC6E314200BD170007EC6AB /* PBXContainerItemProxy */ = {
			isa = PBXContainerItemProxy;
			containerPortal = 1FC6E2E9200BD16F007EC6AB /* Project object */;
			proxyType = 1;
			remoteGlobalIDString = 1FC6E2F0200BD16F007EC6AB;
			remoteInfo = Flix;
		};
/* End PBXContainerItemProxy section */

/* Begin PBXFileReference section */
		1F7AE32B200DA1C600D5998D /* DetailViewController.swift */ = {isa = PBXFileReference; fileEncoding = 4; lastKnownFileType = sourcecode.swift; path = DetailViewController.swift; sourceTree = "<group>"; };
		1FA248F22010161500E374AC /* PosterCell.swift */ = {isa = PBXFileReference; fileEncoding = 4; lastKnownFileType = sourcecode.swift; path = PosterCell.swift; sourceTree = "<group>"; };
		1FA248F42010164E00E374AC /* SuperheroViewController.swift */ = {isa = PBXFileReference; fileEncoding = 4; lastKnownFileType = sourcecode.swift; path = SuperheroViewController.swift; sourceTree = "<group>"; };
		1FC6E2F1200BD16F007EC6AB /* Flix.app */ = {isa = PBXFileReference; explicitFileType = wrapper.application; includeInIndex = 0; path = Flix.app; sourceTree = BUILT_PRODUCTS_DIR; };
		1FC6E2F4200BD16F007EC6AB /* AppDelegate.swift */ = {isa = PBXFileReference; lastKnownFileType = sourcecode.swift; path = AppDelegate.swift; sourceTree = "<group>"; };
		1FC6E2F9200BD16F007EC6AB /* Base */ = {isa = PBXFileReference; lastKnownFileType = file.storyboard; name = Base; path = Base.lproj/Main.storyboard; sourceTree = "<group>"; };
		1FC6E2FC200BD16F007EC6AB /* Flix.xcdatamodel */ = {isa = PBXFileReference; lastKnownFileType = wrapper.xcdatamodel; path = Flix.xcdatamodel; sourceTree = "<group>"; };
		1FC6E2FE200BD16F007EC6AB /* Assets.xcassets */ = {isa = PBXFileReference; lastKnownFileType = folder.assetcatalog; path = Assets.xcassets; sourceTree = "<group>"; };
		1FC6E301200BD16F007EC6AB /* Base */ = {isa = PBXFileReference; lastKnownFileType = file.storyboard; name = Base; path = Base.lproj/LaunchScreen.storyboard; sourceTree = "<group>"; };
		1FC6E303200BD16F007EC6AB /* Info.plist */ = {isa = PBXFileReference; lastKnownFileType = text.plist.xml; path = Info.plist; sourceTree = "<group>"; };
		1FC6E308200BD16F007EC6AB /* FlixTests.xctest */ = {isa = PBXFileReference; explicitFileType = wrapper.cfbundle; includeInIndex = 0; path = FlixTests.xctest; sourceTree = BUILT_PRODUCTS_DIR; };
		1FC6E30C200BD16F007EC6AB /* FlixTests.swift */ = {isa = PBXFileReference; lastKnownFileType = sourcecode.swift; path = FlixTests.swift; sourceTree = "<group>"; };
		1FC6E30E200BD16F007EC6AB /* Info.plist */ = {isa = PBXFileReference; lastKnownFileType = text.plist.xml; path = Info.plist; sourceTree = "<group>"; };
		1FC6E313200BD170007EC6AB /* FlixUITests.xctest */ = {isa = PBXFileReference; explicitFileType = wrapper.cfbundle; includeInIndex = 0; path = FlixUITests.xctest; sourceTree = BUILT_PRODUCTS_DIR; };
		1FC6E317200BD170007EC6AB /* FlixUITests.swift */ = {isa = PBXFileReference; lastKnownFileType = sourcecode.swift; path = FlixUITests.swift; sourceTree = "<group>"; };
		1FC6E319200BD170007EC6AB /* Info.plist */ = {isa = PBXFileReference; lastKnownFileType = text.plist.xml; path = Info.plist; sourceTree = "<group>"; };
		1FEAA73B200C178C0052CD99 /* NowPlayingViewController.swift */ = {isa = PBXFileReference; fileEncoding = 4; lastKnownFileType = sourcecode.swift; path = NowPlayingViewController.swift; sourceTree = "<group>"; };
		1FEAA73D200C1EAF0052CD99 /* MovieCell.swift */ = {isa = PBXFileReference; fileEncoding = 4; lastKnownFileType = sourcecode.swift; path = MovieCell.swift; sourceTree = "<group>"; };
		2FD064BB2CE46EBA82D64C30 /* Pods-Flix.release.xcconfig */ = {isa = PBXFileReference; includeInIndex = 1; lastKnownFileType = text.xcconfig; name = "Pods-Flix.release.xcconfig"; path = "Pods/Target Support Files/Pods-Flix/Pods-Flix.release.xcconfig"; sourceTree = "<group>"; };
		6C3A6F652B156FCB00B4EF40 /* Pods-Flix.debug.xcconfig */ = {isa = PBXFileReference; includeInIndex = 1; lastKnownFileType = text.xcconfig; name = "Pods-Flix.debug.xcconfig"; path = "Pods/Target Support Files/Pods-Flix/Pods-Flix.debug.xcconfig"; sourceTree = "<group>"; };
		753F56D39C760AAF52F2E13C /* Pods-FlixUITests.release.xcconfig */ = {isa = PBXFileReference; includeInIndex = 1; lastKnownFileType = text.xcconfig; name = "Pods-FlixUITests.release.xcconfig"; path = "Pods/Target Support Files/Pods-FlixUITests/Pods-FlixUITests.release.xcconfig"; sourceTree = "<group>"; };
		88CFA95542EF2F80CE0D265C /* Pods-FlixUITests.debug.xcconfig */ = {isa = PBXFileReference; includeInIndex = 1; lastKnownFileType = text.xcconfig; name = "Pods-FlixUITests.debug.xcconfig"; path = "Pods/Target Support Files/Pods-FlixUITests/Pods-FlixUITests.debug.xcconfig"; sourceTree = "<group>"; };
		9EAD74C6E4E4734F910E4573 /* Pods-FlixTests.debug.xcconfig */ = {isa = PBXFileReference; includeInIndex = 1; lastKnownFileType = text.xcconfig; name = "Pods-FlixTests.debug.xcconfig"; path = "Pods/Target Support Files/Pods-FlixTests/Pods-FlixTests.debug.xcconfig"; sourceTree = "<group>"; };
		C39632EF000203E1273606A1 /* Pods-FlixTests.release.xcconfig */ = {isa = PBXFileReference; includeInIndex = 1; lastKnownFileType = text.xcconfig; name = "Pods-FlixTests.release.xcconfig"; path = "Pods/Target Support Files/Pods-FlixTests/Pods-FlixTests.release.xcconfig"; sourceTree = "<group>"; };
		CB4053CFA15260692D244258 /* Pods_FlixTests.framework */ = {isa = PBXFileReference; explicitFileType = wrapper.framework; includeInIndex = 0; path = Pods_FlixTests.framework; sourceTree = BUILT_PRODUCTS_DIR; };
		E3AE58259040017F4E53FA49 /* Pods_Flix.framework */ = {isa = PBXFileReference; explicitFileType = wrapper.framework; includeInIndex = 0; path = Pods_Flix.framework; sourceTree = BUILT_PRODUCTS_DIR; };
		EFFF2ECF2DDDCD8997248475 /* Pods_FlixUITests.framework */ = {isa = PBXFileReference; explicitFileType = wrapper.framework; includeInIndex = 0; path = Pods_FlixUITests.framework; sourceTree = BUILT_PRODUCTS_DIR; };
/* End PBXFileReference section */

/* Begin PBXFrameworksBuildPhase section */
		1FC6E2EE200BD16F007EC6AB /* Frameworks */ = {
			isa = PBXFrameworksBuildPhase;
			buildActionMask = 2147483647;
			files = (
				8890B61EAF22B4A3B154032B /* Pods_Flix.framework in Frameworks */,
			);
			runOnlyForDeploymentPostprocessing = 0;
		};
		1FC6E305200BD16F007EC6AB /* Frameworks */ = {
			isa = PBXFrameworksBuildPhase;
			buildActionMask = 2147483647;
			files = (
				2A47F86C5D08AC3976CEEDDF /* Pods_FlixTests.framework in Frameworks */,
			);
			runOnlyForDeploymentPostprocessing = 0;
		};
		1FC6E310200BD170007EC6AB /* Frameworks */ = {
			isa = PBXFrameworksBuildPhase;
			buildActionMask = 2147483647;
			files = (
				D40A1C18A8CB6313DE01035A /* Pods_FlixUITests.framework in Frameworks */,
			);
			runOnlyForDeploymentPostprocessing = 0;
		};
/* End PBXFrameworksBuildPhase section */

/* Begin PBXGroup section */
		1FC6E2E8200BD16F007EC6AB = {
			isa = PBXGroup;
			children = (
				1FC6E2F3200BD16F007EC6AB /* Flix */,
				1FC6E30B200BD16F007EC6AB /* FlixTests */,
				1FC6E316200BD170007EC6AB /* FlixUITests */,
				1FC6E2F2200BD16F007EC6AB /* Products */,
				FEF856F5A7980087C738D71E /* Pods */,
				CC94E2D74947A09A0C627A6E /* Frameworks */,
			);
			sourceTree = "<group>";
		};
		1FC6E2F2200BD16F007EC6AB /* Products */ = {
			isa = PBXGroup;
			children = (
				1FC6E2F1200BD16F007EC6AB /* Flix.app */,
				1FC6E308200BD16F007EC6AB /* FlixTests.xctest */,
				1FC6E313200BD170007EC6AB /* FlixUITests.xctest */,
			);
			name = Products;
			sourceTree = "<group>";
		};
		1FC6E2F3200BD16F007EC6AB /* Flix */ = {
			isa = PBXGroup;
			children = (
				1FEAA73B200C178C0052CD99 /* NowPlayingViewController.swift */,
				1FC6E2F4200BD16F007EC6AB /* AppDelegate.swift */,
				1FC6E2F8200BD16F007EC6AB /* Main.storyboard */,
				1FC6E2FE200BD16F007EC6AB /* Assets.xcassets */,
				1FC6E300200BD16F007EC6AB /* LaunchScreen.storyboard */,
				1FC6E303200BD16F007EC6AB /* Info.plist */,
				1FC6E2FB200BD16F007EC6AB /* Flix.xcdatamodeld */,
				1FEAA73D200C1EAF0052CD99 /* MovieCell.swift */,
				1F7AE32B200DA1C600D5998D /* DetailViewController.swift */,
				1FA248F22010161500E374AC /* PosterCell.swift */,
				1FA248F42010164E00E374AC /* SuperheroViewController.swift */,
			);
			path = Flix;
			sourceTree = "<group>";
		};
		1FC6E30B200BD16F007EC6AB /* FlixTests */ = {
			isa = PBXGroup;
			children = (
				1FC6E30C200BD16F007EC6AB /* FlixTests.swift */,
				1FC6E30E200BD16F007EC6AB /* Info.plist */,
			);
			path = FlixTests;
			sourceTree = "<group>";
		};
		1FC6E316200BD170007EC6AB /* FlixUITests */ = {
			isa = PBXGroup;
			children = (
				1FC6E317200BD170007EC6AB /* FlixUITests.swift */,
				1FC6E319200BD170007EC6AB /* Info.plist */,
			);
			path = FlixUITests;
			sourceTree = "<group>";
		};
		CC94E2D74947A09A0C627A6E /* Frameworks */ = {
			isa = PBXGroup;
			children = (
				E3AE58259040017F4E53FA49 /* Pods_Flix.framework */,
				CB4053CFA15260692D244258 /* Pods_FlixTests.framework */,
				EFFF2ECF2DDDCD8997248475 /* Pods_FlixUITests.framework */,
			);
			name = Frameworks;
			sourceTree = "<group>";
		};
		FEF856F5A7980087C738D71E /* Pods */ = {
			isa = PBXGroup;
			children = (
				6C3A6F652B156FCB00B4EF40 /* Pods-Flix.debug.xcconfig */,
				2FD064BB2CE46EBA82D64C30 /* Pods-Flix.release.xcconfig */,
				9EAD74C6E4E4734F910E4573 /* Pods-FlixTests.debug.xcconfig */,
				C39632EF000203E1273606A1 /* Pods-FlixTests.release.xcconfig */,
				88CFA95542EF2F80CE0D265C /* Pods-FlixUITests.debug.xcconfig */,
				753F56D39C760AAF52F2E13C /* Pods-FlixUITests.release.xcconfig */,
			);
			name = Pods;
			sourceTree = "<group>";
		};
/* End PBXGroup section */

/* Begin PBXNativeTarget section */
		1FC6E2F0200BD16F007EC6AB /* Flix */ = {
			isa = PBXNativeTarget;
			buildConfigurationList = 1FC6E31C200BD170007EC6AB /* Build configuration list for PBXNativeTarget "Flix" */;
			buildPhases = (
				C7DEA2CD3A698626FE660378 /* [CP] Check Pods Manifest.lock */,
				1FC6E2ED200BD16F007EC6AB /* Sources */,
				1FC6E2EE200BD16F007EC6AB /* Frameworks */,
				1FC6E2EF200BD16F007EC6AB /* Resources */,
				060129EE3E3647E699C17B34 /* [CP] Embed Pods Frameworks */,
				04A9F8B992182E50E743DAE5 /* [CP] Copy Pods Resources */,
			);
			buildRules = (
			);
			dependencies = (
			);
			name = Flix;
			productName = Flix;
			productReference = 1FC6E2F1200BD16F007EC6AB /* Flix.app */;
			productType = "com.apple.product-type.application";
		};
		1FC6E307200BD16F007EC6AB /* FlixTests */ = {
			isa = PBXNativeTarget;
			buildConfigurationList = 1FC6E31F200BD170007EC6AB /* Build configuration list for PBXNativeTarget "FlixTests" */;
			buildPhases = (
				1BC8295CD162FDB7D5FD557F /* [CP] Check Pods Manifest.lock */,
				1FC6E304200BD16F007EC6AB /* Sources */,
				1FC6E305200BD16F007EC6AB /* Frameworks */,
				1FC6E306200BD16F007EC6AB /* Resources */,
				402B40E7FC79B71B8B4445EE /* [CP] Embed Pods Frameworks */,
				4CAA7E8B78CD1DD1A6CD57A5 /* [CP] Copy Pods Resources */,
			);
			buildRules = (
			);
			dependencies = (
				1FC6E30A200BD16F007EC6AB /* PBXTargetDependency */,
			);
			name = FlixTests;
			productName = FlixTests;
			productReference = 1FC6E308200BD16F007EC6AB /* FlixTests.xctest */;
			productType = "com.apple.product-type.bundle.unit-test";
		};
		1FC6E312200BD170007EC6AB /* FlixUITests */ = {
			isa = PBXNativeTarget;
			buildConfigurationList = 1FC6E322200BD170007EC6AB /* Build configuration list for PBXNativeTarget "FlixUITests" */;
			buildPhases = (
				0D8A2A0E2CCA32BBDD421E8F /* [CP] Check Pods Manifest.lock */,
				1FC6E30F200BD170007EC6AB /* Sources */,
				1FC6E310200BD170007EC6AB /* Frameworks */,
				1FC6E311200BD170007EC6AB /* Resources */,
				30F7A68A5AF6CB5B044952AE /* [CP] Embed Pods Frameworks */,
				F7D2E7245B3845C38580994B /* [CP] Copy Pods Resources */,
			);
			buildRules = (
			);
			dependencies = (
				1FC6E315200BD170007EC6AB /* PBXTargetDependency */,
			);
			name = FlixUITests;
			productName = FlixUITests;
			productReference = 1FC6E313200BD170007EC6AB /* FlixUITests.xctest */;
			productType = "com.apple.product-type.bundle.ui-testing";
		};
/* End PBXNativeTarget section */

/* Begin PBXProject section */
		1FC6E2E9200BD16F007EC6AB /* Project object */ = {
			isa = PBXProject;
			attributes = {
				LastSwiftUpdateCheck = 0820;
				LastUpgradeCheck = 0820;
				ORGANIZATIONNAME = siddhant;
				TargetAttributes = {
					1FC6E2F0200BD16F007EC6AB = {
						CreatedOnToolsVersion = 8.2.1;
						ProvisioningStyle = Automatic;
					};
					1FC6E307200BD16F007EC6AB = {
						CreatedOnToolsVersion = 8.2.1;
						ProvisioningStyle = Automatic;
						TestTargetID = 1FC6E2F0200BD16F007EC6AB;
					};
					1FC6E312200BD170007EC6AB = {
						CreatedOnToolsVersion = 8.2.1;
						ProvisioningStyle = Automatic;
						TestTargetID = 1FC6E2F0200BD16F007EC6AB;
					};
				};
			};
			buildConfigurationList = 1FC6E2EC200BD16F007EC6AB /* Build configuration list for PBXProject "Flix" */;
			compatibilityVersion = "Xcode 3.2";
			developmentRegion = English;
			hasScannedForEncodings = 0;
			knownRegions = (
				en,
				Base,
			);
			mainGroup = 1FC6E2E8200BD16F007EC6AB;
			productRefGroup = 1FC6E2F2200BD16F007EC6AB /* Products */;
			projectDirPath = "";
			projectRoot = "";
			targets = (
				1FC6E2F0200BD16F007EC6AB /* Flix */,
				1FC6E307200BD16F007EC6AB /* FlixTests */,
				1FC6E312200BD170007EC6AB /* FlixUITests */,
			);
		};
/* End PBXProject section */

/* Begin PBXResourcesBuildPhase section */
		1FC6E2EF200BD16F007EC6AB /* Resources */ = {
			isa = PBXResourcesBuildPhase;
			buildActionMask = 2147483647;
			files = (
				1FC6E302200BD16F007EC6AB /* LaunchScreen.storyboard in Resources */,
				1FC6E2FF200BD16F007EC6AB /* Assets.xcassets in Resources */,
				1FC6E2FA200BD16F007EC6AB /* Main.storyboard in Resources */,
			);
			runOnlyForDeploymentPostprocessing = 0;
		};
		1FC6E306200BD16F007EC6AB /* Resources */ = {
			isa = PBXResourcesBuildPhase;
			buildActionMask = 2147483647;
			files = (
			);
			runOnlyForDeploymentPostprocessing = 0;
		};
		1FC6E311200BD170007EC6AB /* Resources */ = {
			isa = PBXResourcesBuildPhase;
			buildActionMask = 2147483647;
			files = (
			);
			runOnlyForDeploymentPostprocessing = 0;
		};
/* End PBXResourcesBuildPhase section */

/* Begin PBXShellScriptBuildPhase section */
		04A9F8B992182E50E743DAE5 /* [CP] Copy Pods Resources */ = {
			isa = PBXShellScriptBuildPhase;
			buildActionMask = 2147483647;
			files = (
			);
			inputPaths = (
			);
			name = "[CP] Copy Pods Resources";
			outputPaths = (
			);
			runOnlyForDeploymentPostprocessing = 0;
			shellPath = /bin/sh;
			shellScript = "\"${SRCROOT}/Pods/Target Support Files/Pods-Flix/Pods-Flix-resources.sh\"\n";
			showEnvVarsInLog = 0;
		};
		060129EE3E3647E699C17B34 /* [CP] Embed Pods Frameworks */ = {
			isa = PBXShellScriptBuildPhase;
			buildActionMask = 2147483647;
			files = (
			);
			inputPaths = (
				"${SRCROOT}/Pods/Target Support Files/Pods-Flix/Pods-Flix-frameworks.sh",
				"${BUILT_PRODUCTS_DIR}/Alamofire/Alamofire.framework",
				"${BUILT_PRODUCTS_DIR}/AlamofireImage/AlamofireImage.framework",
			);
			name = "[CP] Embed Pods Frameworks";
			outputPaths = (
				"${TARGET_BUILD_DIR}/${FRAMEWORKS_FOLDER_PATH}/Alamofire.framework",
				"${TARGET_BUILD_DIR}/${FRAMEWORKS_FOLDER_PATH}/AlamofireImage.framework",
			);
			runOnlyForDeploymentPostprocessing = 0;
			shellPath = /bin/sh;
			shellScript = "\"${SRCROOT}/Pods/Target Support Files/Pods-Flix/Pods-Flix-frameworks.sh\"\n";
			showEnvVarsInLog = 0;
		};
		0D8A2A0E2CCA32BBDD421E8F /* [CP] Check Pods Manifest.lock */ = {
			isa = PBXShellScriptBuildPhase;
			buildActionMask = 2147483647;
			files = (
			);
			inputPaths = (
				"${PODS_PODFILE_DIR_PATH}/Podfile.lock",
				"${PODS_ROOT}/Manifest.lock",
			);
			name = "[CP] Check Pods Manifest.lock";
			outputPaths = (
				"$(DERIVED_FILE_DIR)/Pods-FlixUITests-checkManifestLockResult.txt",
			);
			runOnlyForDeploymentPostprocessing = 0;
			shellPath = /bin/sh;
			shellScript = "diff \"${PODS_PODFILE_DIR_PATH}/Podfile.lock\" \"${PODS_ROOT}/Manifest.lock\" > /dev/null\nif [ $? != 0 ] ; then\n    # print error to STDERR\n    echo \"error: The sandbox is not in sync with the Podfile.lock. Run 'pod install' or update your CocoaPods installation.\" >&2\n    exit 1\nfi\n# This output is used by Xcode 'outputs' to avoid re-running this script phase.\necho \"SUCCESS\" > \"${SCRIPT_OUTPUT_FILE_0}\"\n";
			showEnvVarsInLog = 0;
		};
		1BC8295CD162FDB7D5FD557F /* [CP] Check Pods Manifest.lock */ = {
			isa = PBXShellScriptBuildPhase;
			buildActionMask = 2147483647;
			files = (
			);
			inputPaths = (
				"${PODS_PODFILE_DIR_PATH}/Podfile.lock",
				"${PODS_ROOT}/Manifest.lock",
			);
			name = "[CP] Check Pods Manifest.lock";
			outputPaths = (
				"$(DERIVED_FILE_DIR)/Pods-FlixTests-checkManifestLockResult.txt",
			);
			runOnlyForDeploymentPostprocessing = 0;
			shellPath = /bin/sh;
			shellScript = "diff \"${PODS_PODFILE_DIR_PATH}/Podfile.lock\" \"${PODS_ROOT}/Manifest.lock\" > /dev/null\nif [ $? != 0 ] ; then\n    # print error to STDERR\n    echo \"error: The sandbox is not in sync with the Podfile.lock. Run 'pod install' or update your CocoaPods installation.\" >&2\n    exit 1\nfi\n# This output is used by Xcode 'outputs' to avoid re-running this script phase.\necho \"SUCCESS\" > \"${SCRIPT_OUTPUT_FILE_0}\"\n";
			showEnvVarsInLog = 0;
		};
		30F7A68A5AF6CB5B044952AE /* [CP] Embed Pods Frameworks */ = {
			isa = PBXShellScriptBuildPhase;
			buildActionMask = 2147483647;
			files = (
			);
			inputPaths = (
			);
			name = "[CP] Embed Pods Frameworks";
			outputPaths = (
			);
			runOnlyForDeploymentPostprocessing = 0;
			shellPath = /bin/sh;
			shellScript = "\"${SRCROOT}/Pods/Target Support Files/Pods-FlixUITests/Pods-FlixUITests-frameworks.sh\"\n";
			showEnvVarsInLog = 0;
		};
		402B40E7FC79B71B8B4445EE /* [CP] Embed Pods Frameworks */ = {
			isa = PBXShellScriptBuildPhase;
			buildActionMask = 2147483647;
			files = (
			);
			inputPaths = (
			);
			name = "[CP] Embed Pods Frameworks";
			outputPaths = (
			);
			runOnlyForDeploymentPostprocessing = 0;
			shellPath = /bin/sh;
			shellScript = "\"${SRCROOT}/Pods/Target Support Files/Pods-FlixTests/Pods-FlixTests-frameworks.sh\"\n";
			showEnvVarsInLog = 0;
		};
		4CAA7E8B78CD1DD1A6CD57A5 /* [CP] Copy Pods Resources */ = {
			isa = PBXShellScriptBuildPhase;
			buildActionMask = 2147483647;
			files = (
			);
			inputPaths = (
			);
			name = "[CP] Copy Pods Resources";
			outputPaths = (
			);
			runOnlyForDeploymentPostprocessing = 0;
			shellPath = /bin/sh;
			shellScript = "\"${SRCROOT}/Pods/Target Support Files/Pods-FlixTests/Pods-FlixTests-resources.sh\"\n";
			showEnvVarsInLog = 0;
		};
		C7DEA2CD3A698626FE660378 /* [CP] Check Pods Manifest.lock */ = {
			isa = PBXShellScriptBuildPhase;
			buildActionMask = 2147483647;
			files = (
			);
			inputPaths = (
				"${PODS_PODFILE_DIR_PATH}/Podfile.lock",
				"${PODS_ROOT}/Manifest.lock",
			);
			name = "[CP] Check Pods Manifest.lock";
			outputPaths = (
				"$(DERIVED_FILE_DIR)/Pods-Flix-checkManifestLockResult.txt",
			);
			runOnlyForDeploymentPostprocessing = 0;
			shellPath = /bin/sh;
			shellScript = "diff \"${PODS_PODFILE_DIR_PATH}/Podfile.lock\" \"${PODS_ROOT}/Manifest.lock\" > /dev/null\nif [ $? != 0 ] ; then\n    # print error to STDERR\n    echo \"error: The sandbox is not in sync with the Podfile.lock. Run 'pod install' or update your CocoaPods installation.\" >&2\n    exit 1\nfi\n# This output is used by Xcode 'outputs' to avoid re-running this script phase.\necho \"SUCCESS\" > \"${SCRIPT_OUTPUT_FILE_0}\"\n";
			showEnvVarsInLog = 0;
		};
		F7D2E7245B3845C38580994B /* [CP] Copy Pods Resources */ = {
			isa = PBXShellScriptBuildPhase;
			buildActionMask = 2147483647;
			files = (
			);
			inputPaths = (
			);
			name = "[CP] Copy Pods Resources";
			outputPaths = (
			);
			runOnlyForDeploymentPostprocessing = 0;
			shellPath = /bin/sh;
			shellScript = "\"${SRCROOT}/Pods/Target Support Files/Pods-FlixUITests/Pods-FlixUITests-resources.sh\"\n";
			showEnvVarsInLog = 0;
		};
/* End PBXShellScriptBuildPhase section */

/* Begin PBXSourcesBuildPhase section */
		1FC6E2ED200BD16F007EC6AB /* Sources */ = {
			isa = PBXSourcesBuildPhase;
			buildActionMask = 2147483647;
			files = (
				1FC6E2FD200BD16F007EC6AB /* Flix.xcdatamodeld in Sources */,
				1FEAA73C200C178C0052CD99 /* NowPlayingViewController.swift in Sources */,
				1FA248F32010161500E374AC /* PosterCell.swift in Sources */,
				1F7AE32C200DA1C600D5998D /* DetailViewController.swift in Sources */,
				1F94ACC820157FCC00567629 /* SuperheroViewController.swift in Sources */,
				1FEAA73E200C1EAF0052CD99 /* MovieCell.swift in Sources */,
				1FC6E2F5200BD16F007EC6AB /* AppDelegate.swift in Sources */,
			);
			runOnlyForDeploymentPostprocessing = 0;
		};
		1FC6E304200BD16F007EC6AB /* Sources */ = {
			isa = PBXSourcesBuildPhase;
			buildActionMask = 2147483647;
			files = (
				1F94ACC920157FCD00567629 /* SuperheroViewController.swift in Sources */,
				1FC6E30D200BD16F007EC6AB /* FlixTests.swift in Sources */,
			);
			runOnlyForDeploymentPostprocessing = 0;
		};
		1FC6E30F200BD170007EC6AB /* Sources */ = {
			isa = PBXSourcesBuildPhase;
			buildActionMask = 2147483647;
			files = (
				1F94ACC720157FC700567629 /* SuperheroViewController.swift in Sources */,
				1FC6E318200BD170007EC6AB /* FlixUITests.swift in Sources */,
			);
			runOnlyForDeploymentPostprocessing = 0;
		};
/* End PBXSourcesBuildPhase section */

/* Begin PBXTargetDependency section */
		1FC6E30A200BD16F007EC6AB /* PBXTargetDependency */ = {
			isa = PBXTargetDependency;
			target = 1FC6E2F0200BD16F007EC6AB /* Flix */;
			targetProxy = 1FC6E309200BD16F007EC6AB /* PBXContainerItemProxy */;
		};
		1FC6E315200BD170007EC6AB /* PBXTargetDependency */ = {
			isa = PBXTargetDependency;
			target = 1FC6E2F0200BD16F007EC6AB /* Flix */;
			targetProxy = 1FC6E314200BD170007EC6AB /* PBXContainerItemProxy */;
		};
/* End PBXTargetDependency section */

/* Begin PBXVariantGroup section */
		1FC6E2F8200BD16F007EC6AB /* Main.storyboard */ = {
			isa = PBXVariantGroup;
			children = (
				1FC6E2F9200BD16F007EC6AB /* Base */,
			);
			name = Main.storyboard;
			sourceTree = "<group>";
		};
		1FC6E300200BD16F007EC6AB /* LaunchScreen.storyboard */ = {
			isa = PBXVariantGroup;
			children = (
				1FC6E301200BD16F007EC6AB /* Base */,
			);
			name = LaunchScreen.storyboard;
			sourceTree = "<group>";
		};
/* End PBXVariantGroup section */

/* Begin XCBuildConfiguration section */
		1FC6E31A200BD170007EC6AB /* Debug */ = {
			isa = XCBuildConfiguration;
			buildSettings = {
				ALWAYS_SEARCH_USER_PATHS = NO;
				CLANG_ANALYZER_NONNULL = YES;
				CLANG_CXX_LANGUAGE_STANDARD = "gnu++0x";
				CLANG_CXX_LIBRARY = "libc++";
				CLANG_ENABLE_MODULES = YES;
				CLANG_ENABLE_OBJC_ARC = YES;
				CLANG_WARN_BOOL_CONVERSION = YES;
				CLANG_WARN_CONSTANT_CONVERSION = YES;
				CLANG_WARN_DIRECT_OBJC_ISA_USAGE = YES_ERROR;
				CLANG_WARN_DOCUMENTATION_COMMENTS = YES;
				CLANG_WARN_EMPTY_BODY = YES;
				CLANG_WARN_ENUM_CONVERSION = YES;
				CLANG_WARN_INFINITE_RECURSION = YES;
				CLANG_WARN_INT_CONVERSION = YES;
				CLANG_WARN_OBJC_ROOT_CLASS = YES_ERROR;
				CLANG_WARN_SUSPICIOUS_MOVE = YES;
				CLANG_WARN_UNREACHABLE_CODE = YES;
				CLANG_WARN__DUPLICATE_METHOD_MATCH = YES;
				"CODE_SIGN_IDENTITY[sdk=iphoneos*]" = "iPhone Developer";
				COPY_PHASE_STRIP = NO;
				DEBUG_INFORMATION_FORMAT = dwarf;
				ENABLE_STRICT_OBJC_MSGSEND = YES;
				ENABLE_TESTABILITY = YES;
				GCC_C_LANGUAGE_STANDARD = gnu99;
				GCC_DYNAMIC_NO_PIC = NO;
				GCC_NO_COMMON_BLOCKS = YES;
				GCC_OPTIMIZATION_LEVEL = 0;
				GCC_PREPROCESSOR_DEFINITIONS = (
					"DEBUG=1",
					"$(inherited)",
				);
				GCC_WARN_64_TO_32_BIT_CONVERSION = YES;
				GCC_WARN_ABOUT_RETURN_TYPE = YES_ERROR;
				GCC_WARN_UNDECLARED_SELECTOR = YES;
				GCC_WARN_UNINITIALIZED_AUTOS = YES_AGGRESSIVE;
				GCC_WARN_UNUSED_FUNCTION = YES;
				GCC_WARN_UNUSED_VARIABLE = YES;
				IPHONEOS_DEPLOYMENT_TARGET = 10.2;
				MTL_ENABLE_DEBUG_INFO = YES;
				ONLY_ACTIVE_ARCH = YES;
				SDKROOT = iphoneos;
				SWIFT_ACTIVE_COMPILATION_CONDITIONS = DEBUG;
				SWIFT_OPTIMIZATION_LEVEL = "-Onone";
			};
			name = Debug;
		};
		1FC6E31B200BD170007EC6AB /* Release */ = {
			isa = XCBuildConfiguration;
			buildSettings = {
				ALWAYS_SEARCH_USER_PATHS = NO;
				CLANG_ANALYZER_NONNULL = YES;
				CLANG_CXX_LANGUAGE_STANDARD = "gnu++0x";
				CLANG_CXX_LIBRARY = "libc++";
				CLANG_ENABLE_MODULES = YES;
				CLANG_ENABLE_OBJC_ARC = YES;
				CLANG_WARN_BOOL_CONVERSION = YES;
				CLANG_WARN_CONSTANT_CONVERSION = YES;
				CLANG_WARN_DIRECT_OBJC_ISA_USAGE = YES_ERROR;
				CLANG_WARN_DOCUMENTATION_COMMENTS = YES;
				CLANG_WARN_EMPTY_BODY = YES;
				CLANG_WARN_ENUM_CONVERSION = YES;
				CLANG_WARN_INFINITE_RECURSION = YES;
				CLANG_WARN_INT_CONVERSION = YES;
				CLANG_WARN_OBJC_ROOT_CLASS = YES_ERROR;
				CLANG_WARN_SUSPICIOUS_MOVE = YES;
				CLANG_WARN_UNREACHABLE_CODE = YES;
				CLANG_WARN__DUPLICATE_METHOD_MATCH = YES;
				"CODE_SIGN_IDENTITY[sdk=iphoneos*]" = "iPhone Developer";
				COPY_PHASE_STRIP = NO;
				DEBUG_INFORMATION_FORMAT = "dwarf-with-dsym";
				ENABLE_NS_ASSERTIONS = NO;
				ENABLE_STRICT_OBJC_MSGSEND = YES;
				GCC_C_LANGUAGE_STANDARD = gnu99;
				GCC_NO_COMMON_BLOCKS = YES;
				GCC_WARN_64_TO_32_BIT_CONVERSION = YES;
				GCC_WARN_ABOUT_RETURN_TYPE = YES_ERROR;
				GCC_WARN_UNDECLARED_SELECTOR = YES;
				GCC_WARN_UNINITIALIZED_AUTOS = YES_AGGRESSIVE;
				GCC_WARN_UNUSED_FUNCTION = YES;
				GCC_WARN_UNUSED_VARIABLE = YES;
				IPHONEOS_DEPLOYMENT_TARGET = 10.2;
				MTL_ENABLE_DEBUG_INFO = NO;
				SDKROOT = iphoneos;
				SWIFT_OPTIMIZATION_LEVEL = "-Owholemodule";
				VALIDATE_PRODUCT = YES;
			};
			name = Release;
		};
		1FC6E31D200BD170007EC6AB /* Debug */ = {
			isa = XCBuildConfiguration;
			baseConfigurationReference = 6C3A6F652B156FCB00B4EF40 /* Pods-Flix.debug.xcconfig */;
			buildSettings = {
				ASSETCATALOG_COMPILER_APPICON_NAME = AppIcon;
				INFOPLIST_FILE = Flix/Info.plist;
				LD_RUNPATH_SEARCH_PATHS = "$(inherited) @executable_path/Frameworks";
				PRODUCT_BUNDLE_IDENTIFIER = jo.Flix;
				PRODUCT_NAME = "$(TARGET_NAME)";
				SWIFT_VERSION = 3.0;
			};
			name = Debug;
		};
		1FC6E31E200BD170007EC6AB /* Release */ = {
			isa = XCBuildConfiguration;
			baseConfigurationReference = 2FD064BB2CE46EBA82D64C30 /* Pods-Flix.release.xcconfig */;
			buildSettings = {
				ASSETCATALOG_COMPILER_APPICON_NAME = AppIcon;
				INFOPLIST_FILE = Flix/Info.plist;
				LD_RUNPATH_SEARCH_PATHS = "$(inherited) @executable_path/Frameworks";
				PRODUCT_BUNDLE_IDENTIFIER = jo.Flix;
				PRODUCT_NAME = "$(TARGET_NAME)";
				SWIFT_VERSION = 3.0;
			};
			name = Release;
		};
		1FC6E320200BD170007EC6AB /* Debug */ = {
			isa = XCBuildConfiguration;
			baseConfigurationReference = 9EAD74C6E4E4734F910E4573 /* Pods-FlixTests.debug.xcconfig */;
			buildSettings = {
				ALWAYS_EMBED_SWIFT_STANDARD_LIBRARIES = YES;
				BUNDLE_LOADER = "$(TEST_HOST)";
				INFOPLIST_FILE = FlixTests/Info.plist;
				LD_RUNPATH_SEARCH_PATHS = "$(inherited) @executable_path/Frameworks @loader_path/Frameworks";
				PRODUCT_BUNDLE_IDENTIFIER = jo.FlixTests;
				PRODUCT_NAME = "$(TARGET_NAME)";
				SWIFT_VERSION = 3.0;
				TEST_HOST = "$(BUILT_PRODUCTS_DIR)/Flix.app/Flix";
			};
			name = Debug;
		};
		1FC6E321200BD170007EC6AB /* Release */ = {
			isa = XCBuildConfiguration;
			baseConfigurationReference = C39632EF000203E1273606A1 /* Pods-FlixTests.release.xcconfig */;
			buildSettings = {
				ALWAYS_EMBED_SWIFT_STANDARD_LIBRARIES = YES;
				BUNDLE_LOADER = "$(TEST_HOST)";
				INFOPLIST_FILE = FlixTests/Info.plist;
				LD_RUNPATH_SEARCH_PATHS = "$(inherited) @executable_path/Frameworks @loader_path/Frameworks";
				PRODUCT_BUNDLE_IDENTIFIER = jo.FlixTests;
				PRODUCT_NAME = "$(TARGET_NAME)";
				SWIFT_VERSION = 3.0;
				TEST_HOST = "$(BUILT_PRODUCTS_DIR)/Flix.app/Flix";
			};
			name = Release;
		};
		1FC6E323200BD170007EC6AB /* Debug */ = {
			isa = XCBuildConfiguration;
			baseConfigurationReference = 88CFA95542EF2F80CE0D265C /* Pods-FlixUITests.debug.xcconfig */;
			buildSettings = {
				ALWAYS_EMBED_SWIFT_STANDARD_LIBRARIES = YES;
				INFOPLIST_FILE = FlixUITests/Info.plist;
				LD_RUNPATH_SEARCH_PATHS = "$(inherited) @executable_path/Frameworks @loader_path/Frameworks";
				PRODUCT_BUNDLE_IDENTIFIER = jo.FlixUITests;
				PRODUCT_NAME = "$(TARGET_NAME)";
				SWIFT_VERSION = 3.0;
				TEST_TARGET_NAME = Flix;
			};
			name = Debug;
		};
		1FC6E324200BD170007EC6AB /* Release */ = {
			isa = XCBuildConfiguration;
			baseConfigurationReference = 753F56D39C760AAF52F2E13C /* Pods-FlixUITests.release.xcconfig */;
			buildSettings = {
				ALWAYS_EMBED_SWIFT_STANDARD_LIBRARIES = YES;
				INFOPLIST_FILE = FlixUITests/Info.plist;
				LD_RUNPATH_SEARCH_PATHS = "$(inherited) @executable_path/Frameworks @loader_path/Frameworks";
				PRODUCT_BUNDLE_IDENTIFIER = jo.FlixUITests;
				PRODUCT_NAME = "$(TARGET_NAME)";
				SWIFT_VERSION = 3.0;
				TEST_TARGET_NAME = Flix;
			};
			name = Release;
		};
/* End XCBuildConfiguration section */

/* Begin XCConfigurationList section */
		1FC6E2EC200BD16F007EC6AB /* Build configuration list for PBXProject "Flix" */ = {
			isa = XCConfigurationList;
			buildConfigurations = (
				1FC6E31A200BD170007EC6AB /* Debug */,
				1FC6E31B200BD170007EC6AB /* Release */,
			);
			defaultConfigurationIsVisible = 0;
			defaultConfigurationName = Release;
		};
		1FC6E31C200BD170007EC6AB /* Build configuration list for PBXNativeTarget "Flix" */ = {
			isa = XCConfigurationList;
			buildConfigurations = (
				1FC6E31D200BD170007EC6AB /* Debug */,
				1FC6E31E200BD170007EC6AB /* Release */,
			);
			defaultConfigurationIsVisible = 0;
			defaultConfigurationName = Release;
		};
		1FC6E31F200BD170007EC6AB /* Build configuration list for PBXNativeTarget "FlixTests" */ = {
			isa = XCConfigurationList;
			buildConfigurations = (
				1FC6E320200BD170007EC6AB /* Debug */,
				1FC6E321200BD170007EC6AB /* Release */,
			);
			defaultConfigurationIsVisible = 0;
			defaultConfigurationName = Release;
		};
		1FC6E322200BD170007EC6AB /* Build configuration list for PBXNativeTarget "FlixUITests" */ = {
			isa = XCConfigurationList;
			buildConfigurations = (
				1FC6E323200BD170007EC6AB /* Debug */,
				1FC6E324200BD170007EC6AB /* Release */,
			);
			defaultConfigurationIsVisible = 0;
			defaultConfigurationName = Release;
		};
/* End XCConfigurationList section */

/* Begin XCVersionGroup section */
		1FC6E2FB200BD16F007EC6AB /* Flix.xcdatamodeld */ = {
			isa = XCVersionGroup;
			children = (
				1FC6E2FC200BD16F007EC6AB /* Flix.xcdatamodel */,
			);
			currentVersion = 1FC6E2FC200BD16F007EC6AB /* Flix.xcdatamodel */;
			path = Flix.xcdatamodeld;
			sourceTree = "<group>";
			versionGroupType = wrapper.xcdatamodel;
		};
/* End XCVersionGroup section */
	};
	rootObject = 1FC6E2E9200BD16F007EC6AB /* Project object */;
}
